dependencies:
- name: postgresql
  repository: https://charts.bitnami.com/bitnami
  version: 9.1.1
- name: miraclegrow
  repository: https://hub.sinimini.com/artifactory/helm
  version: 0.2.0
digest: sha256:6ae1485b23a2882b98f2f161bbf5d0e884c7245652ec561f6f5f0a4d7ed39e97
generated: "2021-01-23T00:17:54.361666319-07:00"
