dependencies:
- name: postgresql
  repository: https://charts.bitnami.com/bitnami
  version: 9.1.1
- name: miraclegrow
  repository: https://hub.sinimini.com/artifactory/helm
  version: 0.2.0
- name: grafana
  repository: https://grafana.github.io/helm-charts
  version: 6.2.1
digest: sha256:6eab2fb103da64adaad67339a1823db73fdda35940ba05bfd83073d22f62a068
generated: "2021-02-03T22:59:03.912060476-07:00"
